
Microsoft Visual Studio Solution File, Format Version 12.00
# Visual Studio Version 16
VisualStudioVersion = 16.0.35325.158
MinimumVisualStudioVersion = 10.0.40219.1
Project("{FAE04EC0-301F-11D3-BF4B-00C04F79EFBC}") = "LB9.2", "LB9.2.csproj", "{3A042138-6EED-4805-950B-8BC2077B36CC}"
EndProject
Global
	GlobalSection(SolutionConfigurationPlatforms) = preSolution
		Debug|Any CPU = Debug|Any CPU
		Release|Any CPU = Release|Any CPU
	EndGlobalSection
	GlobalSection(ProjectConfigurationPlatforms) = postSolution
		{3A042138-6EED-4805-950B-8BC2077B36CC}.Debug|Any CPU.ActiveCfg = Debug|Any CPU
		{3A042138-6EED-4805-950B-8BC2077B36CC}.Debug|Any CPU.Build.0 = Debug|Any CPU
		{3A042138-6EED-4805-950B-8BC2077B36CC}.Release|Any CPU.ActiveCfg = Release|Any CPU
		{3A042138-6EED-4805-950B-8BC2077B36CC}.Release|Any CPU.Build.0 = Release|Any CPU
	EndGlobalSection
	GlobalSection(SolutionProperties) = preSolution
		HideSolutionNode = FALSE
	EndGlobalSection
	GlobalSection(ExtensibilityGlobals) = postSolution
		SolutionGuid = {39E5D337-93DC-4F55-B0BF-7A537AB265A4}
	EndGlobalSection
EndGlobal
